
Microsoft Visual Studio Solution File, Format Version 12.00
# Visual Studio Version 17
VisualStudioVersion = 17.8.34330.188
MinimumVisualStudioVersion = 10.0.40219.1
Project("{FAE04EC0-301F-11D3-BF4B-00C04F79EFBC}") = "Atividade 11", "Atividade 11\Atividade 11.csproj", "{ED1A1432-2B36-4E31-8F87-CF7E05BF587E}"
EndProject
Global
	GlobalSection(SolutionConfigurationPlatforms) = preSolution
		Debug|Any CPU = Debug|Any CPU
		Release|Any CPU = Release|Any CPU
	EndGlobalSection
	GlobalSection(ProjectConfigurationPlatforms) = postSolution
		{ED1A1432-2B36-4E31-8F87-CF7E05BF587E}.Debug|Any CPU.ActiveCfg = Debug|Any CPU
		{ED1A1432-2B36-4E31-8F87-CF7E05BF587E}.Debug|Any CPU.Build.0 = Debug|Any CPU
		{ED1A1432-2B36-4E31-8F87-CF7E05BF587E}.Release|Any CPU.ActiveCfg = Release|Any CPU
		{ED1A1432-2B36-4E31-8F87-CF7E05BF587E}.Release|Any CPU.Build.0 = Release|Any CPU
	EndGlobalSection
	GlobalSection(SolutionProperties) = preSolution
		HideSolutionNode = FALSE
	EndGlobalSection
	GlobalSection(ExtensibilityGlobals) = postSolution
		SolutionGuid = {2BF28538-5BA8-40F9-B7D1-94B10EA1AB00}
	EndGlobalSection
EndGlobal
